// !$*UTF8*$!
{
	archiveVersion = 1;
	classes = {
	};
	objectVersion = 46;
	objects = {

/* Begin PBXBuildFile section */
		189736521E7FAD5500B45C15 /* main.m in Sources */ = {isa = PBXBuildFile; fileRef = 189736511E7FAD5500B45C15 /* main.m */; };
		189736551E7FAD5500B45C15 /* AppDelegate.m in Sources */ = {isa = PBXBuildFile; fileRef = 189736541E7FAD5500B45C15 /* AppDelegate.m */; };
		189736581E7FAD5500B45C15 /* ViewController.m in Sources */ = {isa = PBXBuildFile; fileRef = 189736571E7FAD5500B45C15 /* ViewController.m */; };
		1897365B1E7FAD5600B45C15 /* Main.storyboard in Resources */ = {isa = PBXBuildFile; fileRef = 189736591E7FAD5600B45C15 /* Main.storyboard */; };
		1897365D1E7FAD5600B45C15 /* Assets.xcassets in Resources */ = {isa = PBXBuildFile; fileRef = 1897365C1E7FAD5600B45C15 /* Assets.xcassets */; };
		189736601E7FAD5600B45C15 /* LaunchScreen.storyboard in Resources */ = {isa = PBXBuildFile; fileRef = 1897365E1E7FAD5600B45C15 /* LaunchScreen.storyboard */; };
		E611AF3A20A0657C00F234BE /* UIColor+CZColor.m in Sources */ = {isa = PBXBuildFile; fileRef = E611AF3920A0657C00F234BE /* UIColor+CZColor.m */; };
/* End PBXBuildFile section */

/* Begin PBXFileReference section */
		1897364D1E7FAD5500B45C15 /* CZColorDemo.app */ = {isa = PBXFileReference; explicitFileType = wrapper.application; includeInIndex = 0; path = CZColorDemo.app; sourceTree = BUILT_PRODUCTS_DIR; };
		189736511E7FAD5500B45C15 /* main.m */ = {isa = PBXFileReference; lastKnownFileType = sourcecode.c.objc; path = main.m; sourceTree = "<group>"; };
		189736531E7FAD5500B45C15 /* AppDelegate.h */ = {isa = PBXFileReference; lastKnownFileType = sourcecode.c.h; path = AppDelegate.h; sourceTree = "<group>"; };
		189736541E7FAD5500B45C15 /* AppDelegate.m */ = {isa = PBXFileReference; lastKnownFileType = sourcecode.c.objc; path = AppDelegate.m; sourceTree = "<group>"; };
		189736561E7FAD5500B45C15 /* ViewController.h */ = {isa = PBXFileReference; lastKnownFileType = sourcecode.c.h; path = ViewController.h; sourceTree = "<group>"; };
		189736571E7FAD5500B45C15 /* ViewController.m */ = {isa = PBXFileReference; lastKnownFileType = sourcecode.c.objc; path = ViewController.m; sourceTree = "<group>"; };
		1897365A1E7FAD5600B45C15 /* Base */ = {isa = PBXFileReference; lastKnownFileType = file.storyboard; name = Base; path = Base.lproj/Main.storyboard; sourceTree = "<group>"; };
		1897365C1E7FAD5600B45C15 /* Assets.xcassets */ = {isa = PBXFileReference; lastKnownFileType = folder.assetcatalog; path = Assets.xcassets; sourceTree = "<group>"; };
		1897365F1E7FAD5600B45C15 /* Base */ = {isa = PBXFileReference; lastKnownFileType = file.storyboard; name = Base; path = Base.lproj/LaunchScreen.storyboard; sourceTree = "<group>"; };
		189736611E7FAD5600B45C15 /* Info.plist */ = {isa = PBXFileReference; lastKnownFileType = text.plist.xml; path = Info.plist; sourceTree = "<group>"; };
		E611AF3820A0657C00F234BE /* UIColor+CZColor.h */ = {isa = PBXFileReference; fileEncoding = 4; lastKnownFileType = sourcecode.c.h; path = "UIColor+CZColor.h"; sourceTree = "<group>"; };
		E611AF3920A0657C00F234BE /* UIColor+CZColor.m */ = {isa = PBXFileReference; fileEncoding = 4; lastKnownFileType = sourcecode.c.objc; path = "UIColor+CZColor.m"; sourceTree = "<group>"; };
/* End PBXFileReference section */

/* Begin PBXFrameworksBuildPhase section */
		1897364A1E7FAD5500B45C15 /* Frameworks */ = {
			isa = PBXFrameworksBuildPhase;
			buildActionMask = 2147483647;
			files = (
			);
			runOnlyForDeploymentPostprocessing = 0;
		};
/* End PBXFrameworksBuildPhase section */

/* Begin PBXGroup section */
		189736441E7FAD5500B45C15 = {
			isa = PBXGroup;
			children = (
				1897364F1E7FAD5500B45C15 /* CZColorDemo */,
				E611AF3720A0657C00F234BE /* CZColor */,
				1897364E1E7FAD5500B45C15 /* Products */,
			);
			sourceTree = "<group>";
		};
		1897364E1E7FAD5500B45C15 /* Products */ = {
			isa = PBXGroup;
			children = (
				1897364D1E7FAD5500B45C15 /* CZColorDemo.app */,
			);
			name = Products;
			sourceTree = "<group>";
		};
		1897364F1E7FAD5500B45C15 /* CZColorDemo */ = {
			isa = PBXGroup;
			children = (
				189736531E7FAD5500B45C15 /* AppDelegate.h */,
				189736541E7FAD5500B45C15 /* AppDelegate.m */,
				189736561E7FAD5500B45C15 /* ViewController.h */,
				189736571E7FAD5500B45C15 /* ViewController.m */,
				189736591E7FAD5600B45C15 /* Main.storyboard */,
				1897365C1E7FAD5600B45C15 /* Assets.xcassets */,
				1897365E1E7FAD5600B45C15 /* LaunchScreen.storyboard */,
				189736611E7FAD5600B45C15 /* Info.plist */,
				189736501E7FAD5500B45C15 /* Supporting Files */,
			);
			path = CZColorDemo;
			sourceTree = "<group>";
		};
		189736501E7FAD5500B45C15 /* Supporting Files */ = {
			isa = PBXGroup;
			children = (
				189736511E7FAD5500B45C15 /* main.m */,
			);
			name = "Supporting Files";
			sourceTree = "<group>";
		};
		E611AF3720A0657C00F234BE /* CZColor */ = {
			isa = PBXGroup;
			children = (
				E611AF3820A0657C00F234BE /* UIColor+CZColor.h */,
				E611AF3920A0657C00F234BE /* UIColor+CZColor.m */,
			);
			name = CZColor;
			path = ../CZColor;
			sourceTree = "<group>";
		};
/* End PBXGroup section */

/* Begin PBXNativeTarget section */
		1897364C1E7FAD5500B45C15 /* CZColorDemo */ = {
			isa = PBXNativeTarget;
			buildConfigurationList = 189736641E7FAD5600B45C15 /* Build configuration list for PBXNativeTarget "CZColorDemo" */;
			buildPhases = (
				189736491E7FAD5500B45C15 /* Sources */,
				1897364A1E7FAD5500B45C15 /* Frameworks */,
				1897364B1E7FAD5500B45C15 /* Resources */,
			);
			buildRules = (
			);
			dependencies = (
			);
			name = CZColorDemo;
			productName = CZColorDemo;
			productReference = 1897364D1E7FAD5500B45C15 /* CZColorDemo.app */;
			productType = "com.apple.product-type.application";
		};
/* End PBXNativeTarget section */

/* Begin PBXProject section */
		189736451E7FAD5500B45C15 /* Project object */ = {
			isa = PBXProject;
			attributes = {
				LastUpgradeCheck = 0930;
				ORGANIZATIONNAME = "Clay Zhu";
				TargetAttributes = {
					1897364C1E7FAD5500B45C15 = {
						CreatedOnToolsVersion = 8.2.1;
						ProvisioningStyle = Automatic;
					};
				};
			};
			buildConfigurationList = 189736481E7FAD5500B45C15 /* Build configuration list for PBXProject "CZColorDemo" */;
			compatibilityVersion = "Xcode 3.2";
			developmentRegion = English;
			hasScannedForEncodings = 0;
			knownRegions = (
				en,
				Base,
			);
			mainGroup = 189736441E7FAD5500B45C15;
			productRefGroup = 1897364E1E7FAD5500B45C15 /* Products */;
			projectDirPath = "";
			projectRoot = "";
			targets = (
				1897364C1E7FAD5500B45C15 /* CZColorDemo */,
			);
		};
/* End PBXProject section */

/* Begin PBXResourcesBuildPhase section */
		1897364B1E7FAD5500B45C15 /* Resources */ = {
			isa = PBXResourcesBuildPhase;
			buildActionMask = 2147483647;
			files = (
				189736601E7FAD5600B45C15 /* LaunchScreen.storyboard in Resources */,
				1897365D1E7FAD5600B45C15 /* Assets.xcassets in Resources */,
				1897365B1E7FAD5600B45C15 /* Main.storyboard in Resources */,
			);
			runOnlyForDeploymentPostprocessing = 0;
		};
/* End PBXResourcesBuildPhase section */

/* Begin PBXSourcesBuildPhase section */
		189736491E7FAD5500B45C15 /* Sources */ = {
			isa = PBXSourcesBuildPhase;
			buildActionMask = 2147483647;
			files = (
				E611AF3A20A0657C00F234BE /* UIColor+CZColor.m in Sources */,
				189736581E7FAD5500B45C15 /* ViewController.m in Sources */,
				189736551E7FAD5500B45C15 /* AppDelegate.m in Sources */,
				189736521E7FAD5500B45C15 /* main.m in Sources */,
			);
			runOnlyForDeploymentPostprocessing = 0;
		};
/* End PBXSourcesBuildPhase section */

/* Begin PBXVariantGroup section */
		189736591E7FAD5600B45C15 /* Main.storyboard */ = {
			isa = PBXVariantGroup;
			children = (
				1897365A1E7FAD5600B45C15 /* Base */,
			);
			name = Main.storyboard;
			sourceTree = "<group>";
		};
		1897365E1E7FAD5600B45C15 /* LaunchScreen.storyboard */ = {
			isa = PBXVariantGroup;
			children = (
				1897365F1E7FAD5600B45C15 /* Base */,
			);
			name = LaunchScreen.storyboard;
			sourceTree = "<group>";
		};
/* End PBXVariantGroup section */

/* Begin XCBuildConfiguration section */
		189736621E7FAD5600B45C15 /* Debug */ = {
			isa = XCBuildConfiguration;
			buildSettings = {
				ALWAYS_SEARCH_USER_PATHS = NO;
				CLANG_ANALYZER_NONNULL = YES;
				CLANG_CXX_LANGUAGE_STANDARD = "gnu++0x";
				CLANG_CXX_LIBRARY = "libc++";
				CLANG_ENABLE_MODULES = YES;
				CLANG_ENABLE_OBJC_ARC = YES;
				CLANG_WARN_BLOCK_CAPTURE_AUTORELEASING = YES;
				CLANG_WARN_BOOL_CONVERSION = YES;
				CLANG_WARN_COMMA = YES;
				CLANG_WARN_CONSTANT_CONVERSION = YES;
				CLANG_WARN_DEPRECATED_OBJC_IMPLEMENTATIONS = YES;
				CLANG_WARN_DIRECT_OBJC_ISA_USAGE = YES_ERROR;
				CLANG_WARN_DOCUMENTATION_COMMENTS = YES;
				CLANG_WARN_EMPTY_BODY = YES;
				CLANG_WARN_ENUM_CONVERSION = YES;
				CLANG_WARN_INFINITE_RECURSION = YES;
				CLANG_WARN_INT_CONVERSION = YES;
				CLANG_WARN_NON_LITERAL_NULL_CONVERSION = YES;
				CLANG_WARN_OBJC_IMPLICIT_RETAIN_SELF = YES;
				CLANG_WARN_OBJC_LITERAL_CONVERSION = YES;
				CLANG_WARN_OBJC_ROOT_CLASS = YES_ERROR;
				CLANG_WARN_RANGE_LOOP_ANALYSIS = YES;
				CLANG_WARN_STRICT_PROTOTYPES = YES;
				CLANG_WARN_SUSPICIOUS_MOVE = YES;
				CLANG_WARN_UNREACHABLE_CODE = YES;
				CLANG_WARN__DUPLICATE_METHOD_MATCH = YES;
				"CODE_SIGN_IDENTITY[sdk=iphoneos*]" = "iPhone Developer";
				COPY_PHASE_STRIP = NO;
				DEBUG_INFORMATION_FORMAT = dwarf;
				ENABLE_STRICT_OBJC_MSGSEND = YES;
				ENABLE_TESTABILITY = YES;
				GCC_C_LANGUAGE_STANDARD = gnu99;
				GCC_DYNAMIC_NO_PIC = NO;
				GCC_NO_COMMON_BLOCKS = YES;
				GCC_OPTIMIZATION_LEVEL = 0;
				GCC_PREPROCESSOR_DEFINITIONS = (
					"DEBUG=1",
					"$(inherited)",
				);
				GCC_WARN_64_TO_32_BIT_CONVERSION = YES;
				GCC_WARN_ABOUT_RETURN_TYPE = YES_ERROR;
				GCC_WARN_UNDECLARED_SELECTOR = YES;
				GCC_WARN_UNINITIALIZED_AUTOS = YES_AGGRESSIVE;
				GCC_WARN_UNUSED_FUNCTION = YES;
				GCC_WARN_UNUSED_VARIABLE = YES;
				IPHONEOS_DEPLOYMENT_TARGET = 10.2;
				MTL_ENABLE_DEBUG_INFO = YES;
				ONLY_ACTIVE_ARCH = YES;
				SDKROOT = iphoneos;
				TARGETED_DEVICE_FAMILY = "1,2";
			};
			name = Debug;
		};
		189736631E7FAD5600B45C15 /* Release */ = {
			isa = XCBuildConfiguration;
			buildSettings = {
				ALWAYS_SEARCH_USER_PATHS = NO;
				CLANG_ANALYZER_NONNULL = YES;
				CLANG_CXX_LANGUAGE_STANDARD = "gnu++0x";
				CLANG_CXX_LIBRARY = "libc++";
				CLANG_ENABLE_MODULES = YES;
				CLANG_ENABLE_OBJC_ARC = YES;
				CLANG_WARN_BLOCK_CAPTURE_AUTORELEASING = YES;
				CLANG_WARN_BOOL_CONVERSION = YES;
				CLANG_WARN_COMMA = YES;
				CLANG_WARN_CONSTANT_CONVERSION = YES;
				CLANG_WARN_DEPRECATED_OBJC_IMPLEMENTATIONS = YES;
				CLANG_WARN_DIRECT_OBJC_ISA_USAGE = YES_ERROR;
				CLANG_WARN_DOCUMENTATION_COMMENTS = YES;
				CLANG_WARN_EMPTY_BODY = YES;
				CLANG_WARN_ENUM_CONVERSION = YES;
				CLANG_WARN_INFINITE_RECURSION = YES;
				CLANG_WARN_INT_CONVERSION = YES;
				CLANG_WARN_NON_LITERAL_NULL_CONVERSION = YES;
				CLANG_WARN_OBJC_IMPLICIT_RETAIN_SELF = YES;
				CLANG_WARN_OBJC_LITERAL_CONVERSION = YES;
				CLANG_WARN_OBJC_ROOT_CLASS = YES_ERROR;
				CLANG_WARN_RANGE_LOOP_ANALYSIS = YES;
				CLANG_WARN_STRICT_PROTOTYPES = YES;
				CLANG_WARN_SUSPICIOUS_MOVE = YES;
				CLANG_WARN_UNREACHABLE_CODE = YES;
				CLANG_WARN__DUPLICATE_METHOD_MATCH = YES;
				"CODE_SIGN_IDENTITY[sdk=iphoneos*]" = "iPhone Developer";
				COPY_PHASE_STRIP = NO;
				DEBUG_INFORMATION_FORMAT = "dwarf-with-dsym";
				ENABLE_NS_ASSERTIONS = NO;
				ENABLE_STRICT_OBJC_MSGSEND = YES;
				GCC_C_LANGUAGE_STANDARD = gnu99;
				GCC_NO_COMMON_BLOCKS = YES;
				GCC_WARN_64_TO_32_BIT_CONVERSION = YES;
				GCC_WARN_ABOUT_RETURN_TYPE = YES_ERROR;
				GCC_WARN_UNDECLARED_SELECTOR = YES;
				GCC_WARN_UNINITIALIZED_AUTOS = YES_AGGRESSIVE;
				GCC_WARN_UNUSED_FUNCTION = YES;
				GCC_WARN_UNUSED_VARIABLE = YES;
				IPHONEOS_DEPLOYMENT_TARGET = 10.2;
				MTL_ENABLE_DEBUG_INFO = NO;
				SDKROOT = iphoneos;
				TARGETED_DEVICE_FAMILY = "1,2";
				VALIDATE_PRODUCT = YES;
			};
			name = Release;
		};
		189736651E7FAD5600B45C15 /* Debug */ = {
			isa = XCBuildConfiguration;
			buildSettings = {
				ASSETCATALOG_COMPILER_APPICON_NAME = AppIcon;
				INFOPLIST_FILE = CZColorDemo/Info.plist;
				IPHONEOS_DEPLOYMENT_TARGET = 8.0;
				LD_RUNPATH_SEARCH_PATHS = "$(inherited) @executable_path/Frameworks";
				PRODUCT_BUNDLE_IDENTIFIER = com.clayzhu.CZColorDemo;
				PRODUCT_NAME = "$(TARGET_NAME)";
			};
			name = Debug;
		};
		189736661E7FAD5600B45C15 /* Release */ = {
			isa = XCBuildConfiguration;
			buildSettings = {
				ASSETCATALOG_COMPILER_APPICON_NAME = AppIcon;
				INFOPLIST_FILE = CZColorDemo/Info.plist;
				IPHONEOS_DEPLOYMENT_TARGET = 8.0;
				LD_RUNPATH_SEARCH_PATHS = "$(inherited) @executable_path/Frameworks";
				PRODUCT_BUNDLE_IDENTIFIER = com.clayzhu.CZColorDemo;
				PRODUCT_NAME = "$(TARGET_NAME)";
			};
			name = Release;
		};
/* End XCBuildConfiguration section */

/* Begin XCConfigurationList section */
		189736481E7FAD5500B45C15 /* Build configuration list for PBXProject "CZColorDemo" */ = {
			isa = XCConfigurationList;
			buildConfigurations = (
				189736621E7FAD5600B45C15 /* Debug */,
				189736631E7FAD5600B45C15 /* Release */,
			);
			defaultConfigurationIsVisible = 0;
			defaultConfigurationName = Release;
		};
		189736641E7FAD5600B45C15 /* Build configuration list for PBXNativeTarget "CZColorDemo" */ = {
			isa = XCConfigurationList;
			buildConfigurations = (
				189736651E7FAD5600B45C15 /* Debug */,
				189736661E7FAD5600B45C15 /* Release */,
			);
			defaultConfigurationIsVisible = 0;
			defaultConfigurationName = Release;
		};
/* End XCConfigurationList section */
	};
	rootObject = 189736451E7FAD5500B45C15 /* Project object */;
}
